
Microsoft Visual Studio Solution File, Format Version 12.00
# Visual Studio Version 17
VisualStudioVersion = 17.8.34511.84
MinimumVisualStudioVersion = 10.0.40219.1
Project("{9A19103F-16F7-4668-BE54-9A1E7A4F7556}") = "GameStudioClasses", "GameStudioClasses.csproj", "{7A93FE27-81BF-4F77-B79C-EEB94C9DA870}"
EndProject
Project("{9A19103F-16F7-4668-BE54-9A1E7A4F7556}") = "GameStudioDbContext", "..\GameStudioDbContext\GameStudioDbContext.csproj", "{2372CA61-BF7D-466C-9ED9-591D3D048102}"
EndProject
Project("{9A19103F-16F7-4668-BE54-9A1E7A4F7556}") = "ConsoleAppGameContext", "..\ConsoleAppGameContext\ConsoleAppGameContext.csproj", "{69922A8C-D7C2-4B62-B832-20AA6DBDB0D9}"
EndProject
Project("{2150E333-8FDC-42A3-9474-1A3956D46DE8}") = "Solution Items", "Solution Items", "{DEBDEB0D-710D-4B9C-BCB4-566BE6AABDCE}"
EndProject
Global
	GlobalSection(SolutionConfigurationPlatforms) = preSolution
		Debug|Any CPU = Debug|Any CPU
		Release|Any CPU = Release|Any CPU
	EndGlobalSection
	GlobalSection(ProjectConfigurationPlatforms) = postSolution
		{7A93FE27-81BF-4F77-B79C-EEB94C9DA870}.Debug|Any CPU.ActiveCfg = Debug|Any CPU
		{7A93FE27-81BF-4F77-B79C-EEB94C9DA870}.Debug|Any CPU.Build.0 = Debug|Any CPU
		{7A93FE27-81BF-4F77-B79C-EEB94C9DA870}.Release|Any CPU.ActiveCfg = Release|Any CPU
		{7A93FE27-81BF-4F77-B79C-EEB94C9DA870}.Release|Any CPU.Build.0 = Release|Any CPU
		{2372CA61-BF7D-466C-9ED9-591D3D048102}.Debug|Any CPU.ActiveCfg = Debug|Any CPU
		{2372CA61-BF7D-466C-9ED9-591D3D048102}.Debug|Any CPU.Build.0 = Debug|Any CPU
		{2372CA61-BF7D-466C-9ED9-591D3D048102}.Release|Any CPU.ActiveCfg = Release|Any CPU
		{2372CA61-BF7D-466C-9ED9-591D3D048102}.Release|Any CPU.Build.0 = Release|Any CPU
		{69922A8C-D7C2-4B62-B832-20AA6DBDB0D9}.Debug|Any CPU.ActiveCfg = Debug|Any CPU
		{69922A8C-D7C2-4B62-B832-20AA6DBDB0D9}.Debug|Any CPU.Build.0 = Debug|Any CPU
		{69922A8C-D7C2-4B62-B832-20AA6DBDB0D9}.Release|Any CPU.ActiveCfg = Release|Any CPU
		{69922A8C-D7C2-4B62-B832-20AA6DBDB0D9}.Release|Any CPU.Build.0 = Release|Any CPU
	EndGlobalSection
	GlobalSection(SolutionProperties) = preSolution
		HideSolutionNode = FALSE
	EndGlobalSection
	GlobalSection(ExtensibilityGlobals) = postSolution
		SolutionGuid = {72160001-81D3-4F00-98E5-F747C987032D}
	EndGlobalSection
EndGlobal
